
Microsoft Visual Studio Solution File, Format Version 12.00
Project("{F2A71F9B-5D33-465A-A702-920D77279786}") = "Lab_3_Zadanie1", "Lab_3_Zadanie1\Lab_3_Zadanie1.fsproj", "{BD255A64-248D-4649-8D6C-468480AF4414}"
EndProject
Project("{F2A71F9B-5D33-465A-A702-920D77279786}") = "Lab_3_Zadanie2", "Lab_3_Zadanie2\Lab_3_Zadanie2.fsproj", "{BE30C379-30AD-455F-B3DC-68426F183A81}"
EndProject
Project("{F2A71F9B-5D33-465A-A702-920D77279786}") = "Lab_3_Zadanie3", "Lab_3_Zadanie3\Lab_3_Zadanie3.fsproj", "{1AAC00D2-F0F9-4B3E-AEC8-9A5B0C02D3F4}"
EndProject
Global
	GlobalSection(SolutionConfigurationPlatforms) = preSolution
		Debug|Any CPU = Debug|Any CPU
		Release|Any CPU = Release|Any CPU
	EndGlobalSection
	GlobalSection(ProjectConfigurationPlatforms) = postSolution
		{BD255A64-248D-4649-8D6C-468480AF4414}.Debug|Any CPU.ActiveCfg = Debug|Any CPU
		{BD255A64-248D-4649-8D6C-468480AF4414}.Debug|Any CPU.Build.0 = Debug|Any CPU
		{BD255A64-248D-4649-8D6C-468480AF4414}.Release|Any CPU.ActiveCfg = Release|Any CPU
		{BD255A64-248D-4649-8D6C-468480AF4414}.Release|Any CPU.Build.0 = Release|Any CPU
		{BE30C379-30AD-455F-B3DC-68426F183A81}.Debug|Any CPU.ActiveCfg = Debug|Any CPU
		{BE30C379-30AD-455F-B3DC-68426F183A81}.Debug|Any CPU.Build.0 = Debug|Any CPU
		{BE30C379-30AD-455F-B3DC-68426F183A81}.Release|Any CPU.ActiveCfg = Release|Any CPU
		{BE30C379-30AD-455F-B3DC-68426F183A81}.Release|Any CPU.Build.0 = Release|Any CPU
		{1AAC00D2-F0F9-4B3E-AEC8-9A5B0C02D3F4}.Debug|Any CPU.ActiveCfg = Debug|Any CPU
		{1AAC00D2-F0F9-4B3E-AEC8-9A5B0C02D3F4}.Debug|Any CPU.Build.0 = Debug|Any CPU
		{1AAC00D2-F0F9-4B3E-AEC8-9A5B0C02D3F4}.Release|Any CPU.ActiveCfg = Release|Any CPU
		{1AAC00D2-F0F9-4B3E-AEC8-9A5B0C02D3F4}.Release|Any CPU.Build.0 = Release|Any CPU
	EndGlobalSection
EndGlobal
